PODS:
  - OpenAttestationIOS (1.0.0-beta)

DEPENDENCIES:
  - OpenAttestationIOS (~> 1.0.0-beta)

SPEC REPOS:
  trunk:
    - OpenAttestationIOS

SPEC CHECKSUMS:
  OpenAttestationIOS: c186dc581adcab0b61187125a34ab1dccfd17484

PODFILE CHECKSUM: 54fb99bc41dff98cf436f80784a4c0909adbd227

COCOAPODS: 1.11.3
